
Microsoft Visual Studio Solution File, Format Version 12.00
# Visual Studio Version 17
VisualStudioVersion = 17.2.32630.192
MinimumVisualStudioVersion = 10.0.40219.1
Project("{FAE04EC0-301F-11D3-BF4B-00C04F79EFBC}") = "WebApplication3", "WebApplication3\WebApplication3.csproj", "{CDEEB824-FC04-4E77-BEE0-972ED9D81D77}"
EndProject
Global
	GlobalSection(SolutionConfigurationPlatforms) = preSolution
		Debug|Any CPU = Debug|Any CPU
		Release|Any CPU = Release|Any CPU
	EndGlobalSection
	GlobalSection(ProjectConfigurationPlatforms) = postSolution
		{CDEEB824-FC04-4E77-BEE0-972ED9D81D77}.Debug|Any CPU.ActiveCfg = Debug|Any CPU
		{CDEEB824-FC04-4E77-BEE0-972ED9D81D77}.Debug|Any CPU.Build.0 = Debug|Any CPU
		{CDEEB824-FC04-4E77-BEE0-972ED9D81D77}.Release|Any CPU.ActiveCfg = Release|Any CPU
		{CDEEB824-FC04-4E77-BEE0-972ED9D81D77}.Release|Any CPU.Build.0 = Release|Any CPU
	EndGlobalSection
	GlobalSection(SolutionProperties) = preSolution
		HideSolutionNode = FALSE
	EndGlobalSection
	GlobalSection(ExtensibilityGlobals) = postSolution
		SolutionGuid = {736734BE-4824-43E9-A088-0CC78438F5F6}
	EndGlobalSection
EndGlobal
